// !$*UTF8*$!
{
	archiveVersion = 1;
	classes = {
	};
	objectVersion = 50;
	objects = {

/* Begin PBXBuildFile section */
		1032B432253771B000D461AF /* AppDelegate.swift in Sources */ = {isa = PBXBuildFile; fileRef = 1032B431253771B000D461AF /* AppDelegate.swift */; };
		1032B434253771B000D461AF /* SceneDelegate.swift in Sources */ = {isa = PBXBuildFile; fileRef = 1032B433253771B000D461AF /* SceneDelegate.swift */; };
		1032B439253771B000D461AF /* Main.storyboard in Resources */ = {isa = PBXBuildFile; fileRef = 1032B437253771B000D461AF /* Main.storyboard */; };
		1032B43B253771B500D461AF /* Assets.xcassets in Resources */ = {isa = PBXBuildFile; fileRef = 1032B43A253771B500D461AF /* Assets.xcassets */; };
		1032B43E253771B500D461AF /* LaunchScreen.storyboard in Resources */ = {isa = PBXBuildFile; fileRef = 1032B43C253771B500D461AF /* LaunchScreen.storyboard */; };
		1032B4472537792900D461AF /* CollectionViewController.swift in Sources */ = {isa = PBXBuildFile; fileRef = 1032B4462537792900D461AF /* CollectionViewController.swift */; };
		1032B44A253779AB00D461AF /* CollectionViewDataSource.swift in Sources */ = {isa = PBXBuildFile; fileRef = 1032B449253779AB00D461AF /* CollectionViewDataSource.swift */; };
		1032B44D253786BD00D461AF /* CollectionViewCell.swift in Sources */ = {isa = PBXBuildFile; fileRef = 1032B44C253786BD00D461AF /* CollectionViewCell.swift */; };
		1032B45025384DE100D461AF /* NetworkLayer.swift in Sources */ = {isa = PBXBuildFile; fileRef = 1032B44F25384DE100D461AF /* NetworkLayer.swift */; };
		1032B4542538538700D461AF /* Model.swift in Sources */ = {isa = PBXBuildFile; fileRef = 1032B4532538538700D461AF /* Model.swift */; };
		1032B4572538B22200D461AF /* keys.plist in Resources */ = {isa = PBXBuildFile; fileRef = 1032B4562538B22200D461AF /* keys.plist */; };
/* End PBXBuildFile section */

/* Begin PBXFileReference section */
		1032B42E253771B000D461AF /* GoogleNews.app */ = {isa = PBXFileReference; explicitFileType = wrapper.application; includeInIndex = 0; path = GoogleNews.app; sourceTree = BUILT_PRODUCTS_DIR; };
		1032B431253771B000D461AF /* AppDelegate.swift */ = {isa = PBXFileReference; lastKnownFileType = sourcecode.swift; path = AppDelegate.swift; sourceTree = "<group>"; };
		1032B433253771B000D461AF /* SceneDelegate.swift */ = {isa = PBXFileReference; lastKnownFileType = sourcecode.swift; path = SceneDelegate.swift; sourceTree = "<group>"; };
		1032B438253771B000D461AF /* Base */ = {isa = PBXFileReference; lastKnownFileType = file.storyboard; name = Base; path = Base.lproj/Main.storyboard; sourceTree = "<group>"; };
		1032B43A253771B500D461AF /* Assets.xcassets */ = {isa = PBXFileReference; lastKnownFileType = folder.assetcatalog; path = Assets.xcassets; sourceTree = "<group>"; };
		1032B43D253771B500D461AF /* Base */ = {isa = PBXFileReference; lastKnownFileType = file.storyboard; name = Base; path = Base.lproj/LaunchScreen.storyboard; sourceTree = "<group>"; };
		1032B43F253771B500D461AF /* Info.plist */ = {isa = PBXFileReference; lastKnownFileType = text.plist.xml; path = Info.plist; sourceTree = "<group>"; };
		1032B4462537792900D461AF /* CollectionViewController.swift */ = {isa = PBXFileReference; lastKnownFileType = sourcecode.swift; path = CollectionViewController.swift; sourceTree = "<group>"; };
		1032B449253779AB00D461AF /* CollectionViewDataSource.swift */ = {isa = PBXFileReference; lastKnownFileType = sourcecode.swift; path = CollectionViewDataSource.swift; sourceTree = "<group>"; };
		1032B44C253786BD00D461AF /* CollectionViewCell.swift */ = {isa = PBXFileReference; lastKnownFileType = sourcecode.swift; path = CollectionViewCell.swift; sourceTree = "<group>"; };
		1032B44F25384DE100D461AF /* NetworkLayer.swift */ = {isa = PBXFileReference; lastKnownFileType = sourcecode.swift; path = NetworkLayer.swift; sourceTree = "<group>"; };
		1032B4532538538700D461AF /* Model.swift */ = {isa = PBXFileReference; lastKnownFileType = sourcecode.swift; path = Model.swift; sourceTree = "<group>"; };
		1032B4562538B22200D461AF /* keys.plist */ = {isa = PBXFileReference; fileEncoding = 4; lastKnownFileType = text.plist.xml; path = keys.plist; sourceTree = "<group>"; };
/* End PBXFileReference section */

/* Begin PBXFrameworksBuildPhase section */
		1032B42B253771B000D461AF /* Frameworks */ = {
			isa = PBXFrameworksBuildPhase;
			buildActionMask = 2147483647;
			files = (
			);
			runOnlyForDeploymentPostprocessing = 0;
		};
/* End PBXFrameworksBuildPhase section */

/* Begin PBXGroup section */
		1032B425253771B000D461AF = {
			isa = PBXGroup;
			children = (
				1032B430253771B000D461AF /* GoogleNews */,
				1032B42F253771B000D461AF /* Products */,
			);
			sourceTree = "<group>";
		};
		1032B42F253771B000D461AF /* Products */ = {
			isa = PBXGroup;
			children = (
				1032B42E253771B000D461AF /* GoogleNews.app */,
			);
			name = Products;
			sourceTree = "<group>";
		};
		1032B430253771B000D461AF /* GoogleNews */ = {
			isa = PBXGroup;
			children = (
				1032B431253771B000D461AF /* AppDelegate.swift */,
				1032B433253771B000D461AF /* SceneDelegate.swift */,
				1032B44F25384DE100D461AF /* NetworkLayer.swift */,
				1032B4532538538700D461AF /* Model.swift */,
				1032B4462537792900D461AF /* CollectionViewController.swift */,
				1032B449253779AB00D461AF /* CollectionViewDataSource.swift */,
				1032B44C253786BD00D461AF /* CollectionViewCell.swift */,
				1032B437253771B000D461AF /* Main.storyboard */,
				1032B43A253771B500D461AF /* Assets.xcassets */,
				1032B43C253771B500D461AF /* LaunchScreen.storyboard */,
				1032B43F253771B500D461AF /* Info.plist */,
				1032B4562538B22200D461AF /* keys.plist */,
			);
			path = GoogleNews;
			sourceTree = "<group>";
		};
/* End PBXGroup section */

/* Begin PBXNativeTarget section */
		1032B42D253771B000D461AF /* GoogleNews */ = {
			isa = PBXNativeTarget;
			buildConfigurationList = 1032B442253771B500D461AF /* Build configuration list for PBXNativeTarget "GoogleNews" */;
			buildPhases = (
				1032B42A253771B000D461AF /* Sources */,
				1032B42B253771B000D461AF /* Frameworks */,
				1032B42C253771B000D461AF /* Resources */,
			);
			buildRules = (
			);
			dependencies = (
			);
			name = GoogleNews;
			productName = GoogleNews;
			productReference = 1032B42E253771B000D461AF /* GoogleNews.app */;
			productType = "com.apple.product-type.application";
		};
/* End PBXNativeTarget section */

/* Begin PBXProject section */
		1032B426253771B000D461AF /* Project object */ = {
			isa = PBXProject;
			attributes = {
				LastSwiftUpdateCheck = 1200;
				LastUpgradeCheck = 1200;
				TargetAttributes = {
					1032B42D253771B000D461AF = {
						CreatedOnToolsVersion = 12.0.1;
					};
				};
			};
			buildConfigurationList = 1032B429253771B000D461AF /* Build configuration list for PBXProject "GoogleNews" */;
			compatibilityVersion = "Xcode 9.3";
			developmentRegion = en;
			hasScannedForEncodings = 0;
			knownRegions = (
				en,
				Base,
			);
			mainGroup = 1032B425253771B000D461AF;
			productRefGroup = 1032B42F253771B000D461AF /* Products */;
			projectDirPath = "";
			projectRoot = "";
			targets = (
				1032B42D253771B000D461AF /* GoogleNews */,
			);
		};
/* End PBXProject section */

/* Begin PBXResourcesBuildPhase section */
		1032B42C253771B000D461AF /* Resources */ = {
			isa = PBXResourcesBuildPhase;
			buildActionMask = 2147483647;
			files = (
				1032B4572538B22200D461AF /* keys.plist in Resources */,
				1032B43E253771B500D461AF /* LaunchScreen.storyboard in Resources */,
				1032B43B253771B500D461AF /* Assets.xcassets in Resources */,
				1032B439253771B000D461AF /* Main.storyboard in Resources */,
			);
			runOnlyForDeploymentPostprocessing = 0;
		};
/* End PBXResourcesBuildPhase section */

/* Begin PBXSourcesBuildPhase section */
		1032B42A253771B000D461AF /* Sources */ = {
			isa = PBXSourcesBuildPhase;
			buildActionMask = 2147483647;
			files = (
				1032B4542538538700D461AF /* Model.swift in Sources */,
				1032B45025384DE100D461AF /* NetworkLayer.swift in Sources */,
				1032B44D253786BD00D461AF /* CollectionViewCell.swift in Sources */,
				1032B4472537792900D461AF /* CollectionViewController.swift in Sources */,
				1032B432253771B000D461AF /* AppDelegate.swift in Sources */,
				1032B434253771B000D461AF /* SceneDelegate.swift in Sources */,
				1032B44A253779AB00D461AF /* CollectionViewDataSource.swift in Sources */,
			);
			runOnlyForDeploymentPostprocessing = 0;
		};
/* End PBXSourcesBuildPhase section */

/* Begin PBXVariantGroup section */
		1032B437253771B000D461AF /* Main.storyboard */ = {
			isa = PBXVariantGroup;
			children = (
				1032B438253771B000D461AF /* Base */,
			);
			name = Main.storyboard;
			sourceTree = "<group>";
		};
		1032B43C253771B500D461AF /* LaunchScreen.storyboard */ = {
			isa = PBXVariantGroup;
			children = (
				1032B43D253771B500D461AF /* Base */,
			);
			name = LaunchScreen.storyboard;
			sourceTree = "<group>";
		};
/* End PBXVariantGroup section */

/* Begin XCBuildConfiguration section */
		1032B440253771B500D461AF /* Debug */ = {
			isa = XCBuildConfiguration;
			buildSettings = {
				ALWAYS_SEARCH_USER_PATHS = NO;
				CLANG_ANALYZER_NONNULL = YES;
				CLANG_ANALYZER_NUMBER_OBJECT_CONVERSION = YES_AGGRESSIVE;
				CLANG_CXX_LANGUAGE_STANDARD = "gnu++14";
				CLANG_CXX_LIBRARY = "libc++";
				CLANG_ENABLE_MODULES = YES;
				CLANG_ENABLE_OBJC_ARC = YES;
				CLANG_ENABLE_OBJC_WEAK = YES;
				CLANG_WARN_BLOCK_CAPTURE_AUTORELEASING = YES;
				CLANG_WARN_BOOL_CONVERSION = YES;
				CLANG_WARN_COMMA = YES;
				CLANG_WARN_CONSTANT_CONVERSION = YES;
				CLANG_WARN_DEPRECATED_OBJC_IMPLEMENTATIONS = YES;
				CLANG_WARN_DIRECT_OBJC_ISA_USAGE = YES_ERROR;
				CLANG_WARN_DOCUMENTATION_COMMENTS = YES;
				CLANG_WARN_EMPTY_BODY = YES;
				CLANG_WARN_ENUM_CONVERSION = YES;
				CLANG_WARN_INFINITE_RECURSION = YES;
				CLANG_WARN_INT_CONVERSION = YES;
				CLANG_WARN_NON_LITERAL_NULL_CONVERSION = YES;
				CLANG_WARN_OBJC_IMPLICIT_RETAIN_SELF = YES;
				CLANG_WARN_OBJC_LITERAL_CONVERSION = YES;
				CLANG_WARN_OBJC_ROOT_CLASS = YES_ERROR;
				CLANG_WARN_QUOTED_INCLUDE_IN_FRAMEWORK_HEADER = YES;
				CLANG_WARN_RANGE_LOOP_ANALYSIS = YES;
				CLANG_WARN_STRICT_PROTOTYPES = YES;
				CLANG_WARN_SUSPICIOUS_MOVE = YES;
				CLANG_WARN_UNGUARDED_AVAILABILITY = YES_AGGRESSIVE;
				CLANG_WARN_UNREACHABLE_CODE = YES;
				CLANG_WARN__DUPLICATE_METHOD_MATCH = YES;
				COPY_PHASE_STRIP = NO;
				DEBUG_INFORMATION_FORMAT = dwarf;
				ENABLE_STRICT_OBJC_MSGSEND = YES;
				ENABLE_TESTABILITY = YES;
				GCC_C_LANGUAGE_STANDARD = gnu11;
				GCC_DYNAMIC_NO_PIC = NO;
				GCC_NO_COMMON_BLOCKS = YES;
				GCC_OPTIMIZATION_LEVEL = 0;
				GCC_PREPROCESSOR_DEFINITIONS = (
					"DEBUG=1",
					"$(inherited)",
				);
				GCC_WARN_64_TO_32_BIT_CONVERSION = YES;
				GCC_WARN_ABOUT_RETURN_TYPE = YES_ERROR;
				GCC_WARN_UNDECLARED_SELECTOR = YES;
				GCC_WARN_UNINITIALIZED_AUTOS = YES_AGGRESSIVE;
				GCC_WARN_UNUSED_FUNCTION = YES;
				GCC_WARN_UNUSED_VARIABLE = YES;
				IPHONEOS_DEPLOYMENT_TARGET = 14.0;
				MTL_ENABLE_DEBUG_INFO = INCLUDE_SOURCE;
				MTL_FAST_MATH = YES;
				ONLY_ACTIVE_ARCH = YES;
				SDKROOT = iphoneos;
				SWIFT_ACTIVE_COMPILATION_CONDITIONS = DEBUG;
				SWIFT_OPTIMIZATION_LEVEL = "-Onone";
			};
			name = Debug;
		};
		1032B441253771B500D461AF /* Release */ = {
			isa = XCBuildConfiguration;
			buildSettings = {
				ALWAYS_SEARCH_USER_PATHS = NO;
				CLANG_ANALYZER_NONNULL = YES;
				CLANG_ANALYZER_NUMBER_OBJECT_CONVERSION = YES_AGGRESSIVE;
				CLANG_CXX_LANGUAGE_STANDARD = "gnu++14";
				CLANG_CXX_LIBRARY = "libc++";
				CLANG_ENABLE_MODULES = YES;
				CLANG_ENABLE_OBJC_ARC = YES;
				CLANG_ENABLE_OBJC_WEAK = YES;
				CLANG_WARN_BLOCK_CAPTURE_AUTORELEASING = YES;
				CLANG_WARN_BOOL_CONVERSION = YES;
				CLANG_WARN_COMMA = YES;
				CLANG_WARN_CONSTANT_CONVERSION = YES;
				CLANG_WARN_DEPRECATED_OBJC_IMPLEMENTATIONS = YES;
				CLANG_WARN_DIRECT_OBJC_ISA_USAGE = YES_ERROR;
				CLANG_WARN_DOCUMENTATION_COMMENTS = YES;
				CLANG_WARN_EMPTY_BODY = YES;
				CLANG_WARN_ENUM_CONVERSION = YES;
				CLANG_WARN_INFINITE_RECURSION = YES;
				CLANG_WARN_INT_CONVERSION = YES;
				CLANG_WARN_NON_LITERAL_NULL_CONVERSION = YES;
				CLANG_WARN_OBJC_IMPLICIT_RETAIN_SELF = YES;
				CLANG_WARN_OBJC_LITERAL_CONVERSION = YES;
				CLANG_WARN_OBJC_ROOT_CLASS = YES_ERROR;
				CLANG_WARN_QUOTED_INCLUDE_IN_FRAMEWORK_HEADER = YES;
				CLANG_WARN_RANGE_LOOP_ANALYSIS = YES;
				CLANG_WARN_STRICT_PROTOTYPES = YES;
				CLANG_WARN_SUSPICIOUS_MOVE = YES;
				CLANG_WARN_UNGUARDED_AVAILABILITY = YES_AGGRESSIVE;
				CLANG_WARN_UNREACHABLE_CODE = YES;
				CLANG_WARN__DUPLICATE_METHOD_MATCH = YES;
				COPY_PHASE_STRIP = NO;
				DEBUG_INFORMATION_FORMAT = "dwarf-with-dsym";
				ENABLE_NS_ASSERTIONS = NO;
				ENABLE_STRICT_OBJC_MSGSEND = YES;
				GCC_C_LANGUAGE_STANDARD = gnu11;
				GCC_NO_COMMON_BLOCKS = YES;
				GCC_WARN_64_TO_32_BIT_CONVERSION = YES;
				GCC_WARN_ABOUT_RETURN_TYPE = YES_ERROR;
				GCC_WARN_UNDECLARED_SELECTOR = YES;
				GCC_WARN_UNINITIALIZED_AUTOS = YES_AGGRESSIVE;
				GCC_WARN_UNUSED_FUNCTION = YES;
				GCC_WARN_UNUSED_VARIABLE = YES;
				IPHONEOS_DEPLOYMENT_TARGET = 14.0;
				MTL_ENABLE_DEBUG_INFO = NO;
				MTL_FAST_MATH = YES;
				SDKROOT = iphoneos;
				SWIFT_COMPILATION_MODE = wholemodule;
				SWIFT_OPTIMIZATION_LEVEL = "-O";
				VALIDATE_PRODUCT = YES;
			};
			name = Release;
		};
		1032B443253771B500D461AF /* Debug */ = {
			isa = XCBuildConfiguration;
			buildSettings = {
				ASSETCATALOG_COMPILER_APPICON_NAME = AppIcon;
				ASSETCATALOG_COMPILER_GLOBAL_ACCENT_COLOR_NAME = AccentColor;
				CODE_SIGN_STYLE = Automatic;
				DEVELOPMENT_TEAM = 6T8ZJ7M7C9;
				INFOPLIST_FILE = GoogleNews/Info.plist;
				LD_RUNPATH_SEARCH_PATHS = (
					"$(inherited)",
					"@executable_path/Frameworks",
				);
				PRODUCT_BUNDLE_IDENTIFIER = com.example.GoogleNews;
				PRODUCT_NAME = "$(TARGET_NAME)";
				SWIFT_VERSION = 5.0;
				TARGETED_DEVICE_FAMILY = "1,2";
			};
			name = Debug;
		};
		1032B444253771B500D461AF /* Release */ = {
			isa = XCBuildConfiguration;
			buildSettings = {
				ASSETCATALOG_COMPILER_APPICON_NAME = AppIcon;
				ASSETCATALOG_COMPILER_GLOBAL_ACCENT_COLOR_NAME = AccentColor;
				CODE_SIGN_STYLE = Automatic;
				DEVELOPMENT_TEAM = 6T8ZJ7M7C9;
				INFOPLIST_FILE = GoogleNews/Info.plist;
				LD_RUNPATH_SEARCH_PATHS = (
					"$(inherited)",
					"@executable_path/Frameworks",
				);
				PRODUCT_BUNDLE_IDENTIFIER = com.example.GoogleNews;
				PRODUCT_NAME = "$(TARGET_NAME)";
				SWIFT_VERSION = 5.0;
				TARGETED_DEVICE_FAMILY = "1,2";
			};
			name = Release;
		};
/* End XCBuildConfiguration section */

/* Begin XCConfigurationList section */
		1032B429253771B000D461AF /* Build configuration list for PBXProject "GoogleNews" */ = {
			isa = XCConfigurationList;
			buildConfigurations = (
				1032B440253771B500D461AF /* Debug */,
				1032B441253771B500D461AF /* Release */,
			);
			defaultConfigurationIsVisible = 0;
			defaultConfigurationName = Release;
		};
		1032B442253771B500D461AF /* Build configuration list for PBXNativeTarget "GoogleNews" */ = {
			isa = XCConfigurationList;
			buildConfigurations = (
				1032B443253771B500D461AF /* Debug */,
				1032B444253771B500D461AF /* Release */,
			);
			defaultConfigurationIsVisible = 0;
			defaultConfigurationName = Release;
		};
/* End XCConfigurationList section */
	};
	rootObject = 1032B426253771B000D461AF /* Project object */;
}
